
Microsoft Visual Studio Solution File, Format Version 12.00
# Visual Studio Version 16
VisualStudioVersion = 16.0.29411.108
MinimumVisualStudioVersion = 10.0.40219.1
Project("{FAE04EC0-301F-11D3-BF4B-00C04F79EFBC}") = "HundirLaFlota", "HundirLaFlota.csproj", "{A9C8E418-1638-4FAF-B118-4667B864834A}"
EndProject
Global
	GlobalSection(SolutionConfigurationPlatforms) = preSolution
		Debug|Any CPU = Debug|Any CPU
		Release|Any CPU = Release|Any CPU
	EndGlobalSection
	GlobalSection(ProjectConfigurationPlatforms) = postSolution
		{A9C8E418-1638-4FAF-B118-4667B864834A}.Debug|Any CPU.ActiveCfg = Debug|Any CPU
		{A9C8E418-1638-4FAF-B118-4667B864834A}.Debug|Any CPU.Build.0 = Debug|Any CPU
		{A9C8E418-1638-4FAF-B118-4667B864834A}.Release|Any CPU.ActiveCfg = Release|Any CPU
		{A9C8E418-1638-4FAF-B118-4667B864834A}.Release|Any CPU.Build.0 = Release|Any CPU
	EndGlobalSection
	GlobalSection(SolutionProperties) = preSolution
		HideSolutionNode = FALSE
	EndGlobalSection
	GlobalSection(ExtensibilityGlobals) = postSolution
		SolutionGuid = {316D311A-D7FF-423D-BD1B-94846AC8B9B1}
	EndGlobalSection
EndGlobal
